
Microsoft Visual Studio Solution File, Format Version 12.00
# Visual Studio 15
Project("{FAE04EC0-301F-11D3-BF4B-00C04F79EFBC}") = "Assembly-CSharp-Editor", "Assembly-CSharp-Editor.csproj", "{094CD352-4CA1-A996-6C28-68A5F3F07197}"
EndProject
Global
	GlobalSection(SolutionConfigurationPlatforms) = preSolution
		Debug|Any CPU = Debug|Any CPU
		Release|Any CPU = Release|Any CPU
	EndGlobalSection
	GlobalSection(ProjectConfigurationPlatforms) = postSolution
		{094CD352-4CA1-A996-6C28-68A5F3F07197}.Debug|Any CPU.ActiveCfg = Debug|Any CPU
		{094CD352-4CA1-A996-6C28-68A5F3F07197}.Debug|Any CPU.Build.0 = Debug|Any CPU
		{094CD352-4CA1-A996-6C28-68A5F3F07197}.Release|Any CPU.ActiveCfg = Release|Any CPU
		{094CD352-4CA1-A996-6C28-68A5F3F07197}.Release|Any CPU.Build.0 = Release|Any CPU
	EndGlobalSection
	GlobalSection(SolutionProperties) = preSolution
		HideSolutionNode = FALSE
	EndGlobalSection
EndGlobal
